
Microsoft Visual Studio Solution File, Format Version 12.00
# Visual Studio Version 17
VisualStudioVersion = 17.10.34928.147
MinimumVisualStudioVersion = 10.0.40219.1
Project("{FAE04EC0-301F-11D3-BF4B-00C04F79EFBC}") = "Review-ASPNET-MVC", "Review-ASPNET-MVC.csproj", "{0AB633A5-A923-4482-9AFC-018DD059E876}"
EndProject
Global
	GlobalSection(SolutionConfigurationPlatforms) = preSolution
		Debug|Any CPU = Debug|Any CPU
		Release|Any CPU = Release|Any CPU
	EndGlobalSection
	GlobalSection(ProjectConfigurationPlatforms) = postSolution
		{0AB633A5-A923-4482-9AFC-018DD059E876}.Debug|Any CPU.ActiveCfg = Debug|Any CPU
		{0AB633A5-A923-4482-9AFC-018DD059E876}.Debug|Any CPU.Build.0 = Debug|Any CPU
		{0AB633A5-A923-4482-9AFC-018DD059E876}.Release|Any CPU.ActiveCfg = Release|Any CPU
		{0AB633A5-A923-4482-9AFC-018DD059E876}.Release|Any CPU.Build.0 = Release|Any CPU
	EndGlobalSection
	GlobalSection(SolutionProperties) = preSolution
		HideSolutionNode = FALSE
	EndGlobalSection
	GlobalSection(ExtensibilityGlobals) = postSolution
		SolutionGuid = {0E95F3D6-72DF-4DB5-864B-18F148BDA5EF}
	EndGlobalSection
EndGlobal
